
Microsoft Visual Studio Solution File, Format Version 12.00
# Visual Studio Version 17
VisualStudioVersion = 17.11.35327.3
MinimumVisualStudioVersion = 10.0.40219.1
Project("{FAE04EC0-301F-11D3-BF4B-00C04F79EFBC}") = "31. Programación modular", "31. Programación modular\31. Programación modular.csproj", "{AA821F2C-CF85-4D9A-948C-60CE5FB77F7D}"
EndProject
Global
	GlobalSection(SolutionConfigurationPlatforms) = preSolution
		Debug|Any CPU = Debug|Any CPU
		Release|Any CPU = Release|Any CPU
	EndGlobalSection
	GlobalSection(ProjectConfigurationPlatforms) = postSolution
		{AA821F2C-CF85-4D9A-948C-60CE5FB77F7D}.Debug|Any CPU.ActiveCfg = Debug|Any CPU
		{AA821F2C-CF85-4D9A-948C-60CE5FB77F7D}.Debug|Any CPU.Build.0 = Debug|Any CPU
		{AA821F2C-CF85-4D9A-948C-60CE5FB77F7D}.Release|Any CPU.ActiveCfg = Release|Any CPU
		{AA821F2C-CF85-4D9A-948C-60CE5FB77F7D}.Release|Any CPU.Build.0 = Release|Any CPU
	EndGlobalSection
	GlobalSection(SolutionProperties) = preSolution
		HideSolutionNode = FALSE
	EndGlobalSection
	GlobalSection(ExtensibilityGlobals) = postSolution
		SolutionGuid = {16FD0D2A-DF8F-4712-AEC7-D820FF11F37B}
	EndGlobalSection
EndGlobal
