
Microsoft Visual Studio Solution File, Format Version 12.00
# Visual Studio Version 17
VisualStudioVersion = 17.14.36310.24 d17.14
MinimumVisualStudioVersion = 10.0.40219.1
Project("{FAE04EC0-301F-11D3-BF4B-00C04F79EFBC}") = "23. Vectores", "23. Vectores\23. Vectores.csproj", "{20DBC52B-CCB4-4506-8773-2E6A5A7BBC5A}"
EndProject
Global
	GlobalSection(SolutionConfigurationPlatforms) = preSolution
		Debug|Any CPU = Debug|Any CPU
		Release|Any CPU = Release|Any CPU
	EndGlobalSection
	GlobalSection(ProjectConfigurationPlatforms) = postSolution
		{20DBC52B-CCB4-4506-8773-2E6A5A7BBC5A}.Debug|Any CPU.ActiveCfg = Debug|Any CPU
		{20DBC52B-CCB4-4506-8773-2E6A5A7BBC5A}.Debug|Any CPU.Build.0 = Debug|Any CPU
		{20DBC52B-CCB4-4506-8773-2E6A5A7BBC5A}.Release|Any CPU.ActiveCfg = Release|Any CPU
		{20DBC52B-CCB4-4506-8773-2E6A5A7BBC5A}.Release|Any CPU.Build.0 = Release|Any CPU
	EndGlobalSection
	GlobalSection(SolutionProperties) = preSolution
		HideSolutionNode = FALSE
	EndGlobalSection
	GlobalSection(ExtensibilityGlobals) = postSolution
		SolutionGuid = {B25DF42E-F917-45D9-9D97-6F63002B107B}
	EndGlobalSection
EndGlobal
