
Microsoft Visual Studio Solution File, Format Version 12.00
# Visual Studio Version 17
VisualStudioVersion = 17.14.36518.9 d17.14
MinimumVisualStudioVersion = 10.0.40219.1
Project("{FAE04EC0-301F-11D3-BF4B-00C04F79EFBC}") = "Parcial 3. Arreglos", "Parcial 3. Arreglos\Parcial 3. Arreglos.csproj", "{2F446B8E-CA43-4C89-A808-543353094AAD}"
EndProject
Global
	GlobalSection(SolutionConfigurationPlatforms) = preSolution
		Debug|Any CPU = Debug|Any CPU
		Release|Any CPU = Release|Any CPU
	EndGlobalSection
	GlobalSection(ProjectConfigurationPlatforms) = postSolution
		{2F446B8E-CA43-4C89-A808-543353094AAD}.Debug|Any CPU.ActiveCfg = Debug|Any CPU
		{2F446B8E-CA43-4C89-A808-543353094AAD}.Debug|Any CPU.Build.0 = Debug|Any CPU
		{2F446B8E-CA43-4C89-A808-543353094AAD}.Release|Any CPU.ActiveCfg = Release|Any CPU
		{2F446B8E-CA43-4C89-A808-543353094AAD}.Release|Any CPU.Build.0 = Release|Any CPU
	EndGlobalSection
	GlobalSection(SolutionProperties) = preSolution
		HideSolutionNode = FALSE
	EndGlobalSection
	GlobalSection(ExtensibilityGlobals) = postSolution
		SolutionGuid = {EE67151A-EE80-4F7F-87D3-61CE850F6501}
	EndGlobalSection
EndGlobal
