
Microsoft Visual Studio Solution File, Format Version 12.00
# Visual Studio Version 17
VisualStudioVersion = 17.11.35327.3
MinimumVisualStudioVersion = 10.0.40219.1
Project("{FAE04EC0-301F-11D3-BF4B-00C04F79EFBC}") = "22. Taller ciclos", "22. Taller ciclos\22. Taller ciclos.csproj", "{373B83FF-F7ED-4B79-894A-CC8D1F80539F}"
EndProject
Global
	GlobalSection(SolutionConfigurationPlatforms) = preSolution
		Debug|Any CPU = Debug|Any CPU
		Release|Any CPU = Release|Any CPU
	EndGlobalSection
	GlobalSection(ProjectConfigurationPlatforms) = postSolution
		{373B83FF-F7ED-4B79-894A-CC8D1F80539F}.Debug|Any CPU.ActiveCfg = Debug|Any CPU
		{373B83FF-F7ED-4B79-894A-CC8D1F80539F}.Debug|Any CPU.Build.0 = Debug|Any CPU
		{373B83FF-F7ED-4B79-894A-CC8D1F80539F}.Release|Any CPU.ActiveCfg = Release|Any CPU
		{373B83FF-F7ED-4B79-894A-CC8D1F80539F}.Release|Any CPU.Build.0 = Release|Any CPU
	EndGlobalSection
	GlobalSection(SolutionProperties) = preSolution
		HideSolutionNode = FALSE
	EndGlobalSection
	GlobalSection(ExtensibilityGlobals) = postSolution
		SolutionGuid = {13623BD3-F9F8-41AC-A551-037AC83E9D55}
	EndGlobalSection
EndGlobal
