
Microsoft Visual Studio Solution File, Format Version 12.00
# Visual Studio Version 17
VisualStudioVersion = 17.11.35327.3
MinimumVisualStudioVersion = 10.0.40219.1
Project("{FAE04EC0-301F-11D3-BF4B-00C04F79EFBC}") = "21. For", "21. For\21. For.csproj", "{15205942-BDF6-4D97-A74F-EC0DD738434B}"
EndProject
Global
	GlobalSection(SolutionConfigurationPlatforms) = preSolution
		Debug|Any CPU = Debug|Any CPU
		Release|Any CPU = Release|Any CPU
	EndGlobalSection
	GlobalSection(ProjectConfigurationPlatforms) = postSolution
		{15205942-BDF6-4D97-A74F-EC0DD738434B}.Debug|Any CPU.ActiveCfg = Debug|Any CPU
		{15205942-BDF6-4D97-A74F-EC0DD738434B}.Debug|Any CPU.Build.0 = Debug|Any CPU
		{15205942-BDF6-4D97-A74F-EC0DD738434B}.Release|Any CPU.ActiveCfg = Release|Any CPU
		{15205942-BDF6-4D97-A74F-EC0DD738434B}.Release|Any CPU.Build.0 = Release|Any CPU
	EndGlobalSection
	GlobalSection(SolutionProperties) = preSolution
		HideSolutionNode = FALSE
	EndGlobalSection
	GlobalSection(ExtensibilityGlobals) = postSolution
		SolutionGuid = {89973B14-8C3F-446F-9680-7B53E431E930}
	EndGlobalSection
EndGlobal
