
Microsoft Visual Studio Solution File, Format Version 12.00
# Visual Studio Version 17
VisualStudioVersion = 17.11.35327.3
MinimumVisualStudioVersion = 10.0.40219.1
Project("{FAE04EC0-301F-11D3-BF4B-00C04F79EFBC}") = "10. Ciclo while 2", "10. Ciclo while 2\10. Ciclo while 2.csproj", "{F4BB7D16-4462-44C7-BCF5-3FA1C962839F}"
EndProject
Global
	GlobalSection(SolutionConfigurationPlatforms) = preSolution
		Debug|Any CPU = Debug|Any CPU
		Release|Any CPU = Release|Any CPU
	EndGlobalSection
	GlobalSection(ProjectConfigurationPlatforms) = postSolution
		{F4BB7D16-4462-44C7-BCF5-3FA1C962839F}.Debug|Any CPU.ActiveCfg = Debug|Any CPU
		{F4BB7D16-4462-44C7-BCF5-3FA1C962839F}.Debug|Any CPU.Build.0 = Debug|Any CPU
		{F4BB7D16-4462-44C7-BCF5-3FA1C962839F}.Release|Any CPU.ActiveCfg = Release|Any CPU
		{F4BB7D16-4462-44C7-BCF5-3FA1C962839F}.Release|Any CPU.Build.0 = Release|Any CPU
	EndGlobalSection
	GlobalSection(SolutionProperties) = preSolution
		HideSolutionNode = FALSE
	EndGlobalSection
	GlobalSection(ExtensibilityGlobals) = postSolution
		SolutionGuid = {40BEEB99-E97C-4922-9F4F-5F8A8DB6F49B}
	EndGlobalSection
EndGlobal
